
Microsoft Visual Studio Solution File, Format Version 12.00
# Visual Studio Version 17
VisualStudioVersion = 17.10.35013.160
MinimumVisualStudioVersion = 10.0.40219.1
Project("{FAE04EC0-301F-11D3-BF4B-00C04F79EFBC}") = "Ptns Strategy State", "Ptns Strategy State.csproj", "{C996889A-A453-4C01-BEE2-089BE7C12351}"
EndProject
Global
	GlobalSection(SolutionConfigurationPlatforms) = preSolution
		Debug|Any CPU = Debug|Any CPU
		Release|Any CPU = Release|Any CPU
	EndGlobalSection
	GlobalSection(ProjectConfigurationPlatforms) = postSolution
		{C996889A-A453-4C01-BEE2-089BE7C12351}.Debug|Any CPU.ActiveCfg = Debug|Any CPU
		{C996889A-A453-4C01-BEE2-089BE7C12351}.Debug|Any CPU.Build.0 = Debug|Any CPU
		{C996889A-A453-4C01-BEE2-089BE7C12351}.Release|Any CPU.ActiveCfg = Release|Any CPU
		{C996889A-A453-4C01-BEE2-089BE7C12351}.Release|Any CPU.Build.0 = Release|Any CPU
	EndGlobalSection
	GlobalSection(SolutionProperties) = preSolution
		HideSolutionNode = FALSE
	EndGlobalSection
	GlobalSection(ExtensibilityGlobals) = postSolution
		SolutionGuid = {A5040B47-606C-4AFD-816C-12DCEAB42F65}
	EndGlobalSection
EndGlobal
